
Microsoft Visual Studio Solution File, Format Version 12.00
# Visual Studio Version 17
VisualStudioVersion = 17.8.34525.116
MinimumVisualStudioVersion = 10.0.40219.1
Project("{FAE04EC0-301F-11D3-BF4B-00C04F79EFBC}") = "Sumudu_POS", "Sumudu_POS\Sumudu_POS.csproj", "{F39DC34A-B4CE-4E5C-9AD4-CBFCA877A0B1}"
EndProject
Global
	GlobalSection(SolutionConfigurationPlatforms) = preSolution
		Debug|Any CPU = Debug|Any CPU
		Release|Any CPU = Release|Any CPU
	EndGlobalSection
	GlobalSection(ProjectConfigurationPlatforms) = postSolution
		{F39DC34A-B4CE-4E5C-9AD4-CBFCA877A0B1}.Debug|Any CPU.ActiveCfg = Debug|Any CPU
		{F39DC34A-B4CE-4E5C-9AD4-CBFCA877A0B1}.Debug|Any CPU.Build.0 = Debug|Any CPU
		{F39DC34A-B4CE-4E5C-9AD4-CBFCA877A0B1}.Release|Any CPU.ActiveCfg = Release|Any CPU
		{F39DC34A-B4CE-4E5C-9AD4-CBFCA877A0B1}.Release|Any CPU.Build.0 = Release|Any CPU
	EndGlobalSection
	GlobalSection(SolutionProperties) = preSolution
		HideSolutionNode = FALSE
	EndGlobalSection
	GlobalSection(ExtensibilityGlobals) = postSolution
		SolutionGuid = {821BC84C-CC71-4006-BA49-542B5A063BCF}
	EndGlobalSection
EndGlobal
